
Microsoft Visual Studio Solution File, Format Version 12.00
# Visual Studio Version 16
VisualStudioVersion = 16.0.29728.190
MinimumVisualStudioVersion = 10.0.40219.1
Project("{FAE04EC0-301F-11D3-BF4B-00C04F79EFBC}") = "MarsRoverSimulator", "MarsRoverSimulator\MarsRoverSimulator.csproj", "{47F76FA2-DC21-4139-802D-5ABE7EAD4C74}"
EndProject
Project("{FAE04EC0-301F-11D3-BF4B-00C04F79EFBC}") = "NUnitTest", "NUnitTest\NUnitTest.csproj", "{5A17D4E9-2957-47E3-80E2-8A2A090447A3}"
EndProject
Global
	GlobalSection(SolutionConfigurationPlatforms) = preSolution
		Debug|Any CPU = Debug|Any CPU
		Release|Any CPU = Release|Any CPU
	EndGlobalSection
	GlobalSection(ProjectConfigurationPlatforms) = postSolution
		{47F76FA2-DC21-4139-802D-5ABE7EAD4C74}.Debug|Any CPU.ActiveCfg = Debug|Any CPU
		{47F76FA2-DC21-4139-802D-5ABE7EAD4C74}.Debug|Any CPU.Build.0 = Debug|Any CPU
		{47F76FA2-DC21-4139-802D-5ABE7EAD4C74}.Release|Any CPU.ActiveCfg = Release|Any CPU
		{47F76FA2-DC21-4139-802D-5ABE7EAD4C74}.Release|Any CPU.Build.0 = Release|Any CPU
		{5A17D4E9-2957-47E3-80E2-8A2A090447A3}.Debug|Any CPU.ActiveCfg = Debug|Any CPU
		{5A17D4E9-2957-47E3-80E2-8A2A090447A3}.Debug|Any CPU.Build.0 = Debug|Any CPU
		{5A17D4E9-2957-47E3-80E2-8A2A090447A3}.Release|Any CPU.ActiveCfg = Release|Any CPU
		{5A17D4E9-2957-47E3-80E2-8A2A090447A3}.Release|Any CPU.Build.0 = Release|Any CPU
	EndGlobalSection
	GlobalSection(SolutionProperties) = preSolution
		HideSolutionNode = FALSE
	EndGlobalSection
	GlobalSection(ExtensibilityGlobals) = postSolution
		SolutionGuid = {D2D29184-7BCB-4560-BA96-1DED01AD281D}
	EndGlobalSection
EndGlobal
